// !$*UTF8*$!
{
	archiveVersion = 1;
	classes = {
	};
	objectVersion = 50;
	objects = {

/* Begin PBXBuildFile section */
		59684CCA213CFB2C001FFE4C /* AppDelegate.swift in Sources */ = {isa = PBXBuildFile; fileRef = 59684CC9213CFB2C001FFE4C /* AppDelegate.swift */; };
		59684CCF213CFB2C001FFE4C /* Main.storyboard in Resources */ = {isa = PBXBuildFile; fileRef = 59684CCD213CFB2C001FFE4C /* Main.storyboard */; };
		59684CD2213CFB2C001FFE4C /* PersonalMemo.xcdatamodeld in Sources */ = {isa = PBXBuildFile; fileRef = 59684CD0213CFB2C001FFE4C /* PersonalMemo.xcdatamodeld */; };
		59684CD4213CFB2D001FFE4C /* Assets.xcassets in Resources */ = {isa = PBXBuildFile; fileRef = 59684CD3213CFB2D001FFE4C /* Assets.xcassets */; };
		59684CD7213CFB2D001FFE4C /* LaunchScreen.storyboard in Resources */ = {isa = PBXBuildFile; fileRef = 59684CD5213CFB2D001FFE4C /* LaunchScreen.storyboard */; };
/* End PBXBuildFile section */

/* Begin PBXFileReference section */
		59684CC6213CFB2C001FFE4C /* PersonalMemo.app */ = {isa = PBXFileReference; explicitFileType = wrapper.application; includeInIndex = 0; path = PersonalMemo.app; sourceTree = BUILT_PRODUCTS_DIR; };
		59684CC9213CFB2C001FFE4C /* AppDelegate.swift */ = {isa = PBXFileReference; lastKnownFileType = sourcecode.swift; path = AppDelegate.swift; sourceTree = "<group>"; };
		59684CCE213CFB2C001FFE4C /* Base */ = {isa = PBXFileReference; lastKnownFileType = file.storyboard; name = Base; path = Base.lproj/Main.storyboard; sourceTree = "<group>"; };
		59684CD1213CFB2C001FFE4C /* PersonalMemo.xcdatamodel */ = {isa = PBXFileReference; lastKnownFileType = wrapper.xcdatamodel; path = PersonalMemo.xcdatamodel; sourceTree = "<group>"; };
		59684CD3213CFB2D001FFE4C /* Assets.xcassets */ = {isa = PBXFileReference; lastKnownFileType = folder.assetcatalog; path = Assets.xcassets; sourceTree = "<group>"; };
		59684CD6213CFB2D001FFE4C /* Base */ = {isa = PBXFileReference; lastKnownFileType = file.storyboard; name = Base; path = Base.lproj/LaunchScreen.storyboard; sourceTree = "<group>"; };
		59684CD8213CFB2D001FFE4C /* Info.plist */ = {isa = PBXFileReference; lastKnownFileType = text.plist.xml; path = Info.plist; sourceTree = "<group>"; };
/* End PBXFileReference section */

/* Begin PBXFrameworksBuildPhase section */
		59684CC3213CFB2C001FFE4C /* Frameworks */ = {
			isa = PBXFrameworksBuildPhase;
			buildActionMask = 2147483647;
			files = (
			);
			runOnlyForDeploymentPostprocessing = 0;
		};
/* End PBXFrameworksBuildPhase section */

/* Begin PBXGroup section */
		59684CBD213CFB2C001FFE4C = {
			isa = PBXGroup;
			children = (
				59684CC8213CFB2C001FFE4C /* PersonalMemo */,
				59684CC7213CFB2C001FFE4C /* Products */,
			);
			sourceTree = "<group>";
		};
		59684CC7213CFB2C001FFE4C /* Products */ = {
			isa = PBXGroup;
			children = (
				59684CC6213CFB2C001FFE4C /* PersonalMemo.app */,
			);
			name = Products;
			sourceTree = "<group>";
		};
		59684CC8213CFB2C001FFE4C /* PersonalMemo */ = {
			isa = PBXGroup;
			children = (
				59684CC9213CFB2C001FFE4C /* AppDelegate.swift */,
				59684CCD213CFB2C001FFE4C /* Main.storyboard */,
				59684CD3213CFB2D001FFE4C /* Assets.xcassets */,
				59684CD5213CFB2D001FFE4C /* LaunchScreen.storyboard */,
				59684CD8213CFB2D001FFE4C /* Info.plist */,
				59684CD0213CFB2C001FFE4C /* PersonalMemo.xcdatamodeld */,
			);
			path = PersonalMemo;
			sourceTree = "<group>";
		};
/* End PBXGroup section */

/* Begin PBXNativeTarget section */
		59684CC5213CFB2C001FFE4C /* PersonalMemo */ = {
			isa = PBXNativeTarget;
			buildConfigurationList = 59684CDB213CFB2D001FFE4C /* Build configuration list for PBXNativeTarget "PersonalMemo" */;
			buildPhases = (
				59684CC2213CFB2C001FFE4C /* Sources */,
				59684CC3213CFB2C001FFE4C /* Frameworks */,
				59684CC4213CFB2C001FFE4C /* Resources */,
			);
			buildRules = (
			);
			dependencies = (
			);
			name = PersonalMemo;
			productName = PersonalMemo;
			productReference = 59684CC6213CFB2C001FFE4C /* PersonalMemo.app */;
			productType = "com.apple.product-type.application";
		};
/* End PBXNativeTarget section */

/* Begin PBXProject section */
		59684CBE213CFB2C001FFE4C /* Project object */ = {
			isa = PBXProject;
			attributes = {
				LastSwiftUpdateCheck = 0940;
				LastUpgradeCheck = 0940;
				ORGANIZATIONNAME = JhDAT;
				TargetAttributes = {
					59684CC5213CFB2C001FFE4C = {
						CreatedOnToolsVersion = 9.4.1;
					};
				};
			};
			buildConfigurationList = 59684CC1213CFB2C001FFE4C /* Build configuration list for PBXProject "PersonalMemo" */;
			compatibilityVersion = "Xcode 9.3";
			developmentRegion = en;
			hasScannedForEncodings = 0;
			knownRegions = (
				en,
				Base,
			);
			mainGroup = 59684CBD213CFB2C001FFE4C;
			productRefGroup = 59684CC7213CFB2C001FFE4C /* Products */;
			projectDirPath = "";
			projectRoot = "";
			targets = (
				59684CC5213CFB2C001FFE4C /* PersonalMemo */,
			);
		};
/* End PBXProject section */

/* Begin PBXResourcesBuildPhase section */
		59684CC4213CFB2C001FFE4C /* Resources */ = {
			isa = PBXResourcesBuildPhase;
			buildActionMask = 2147483647;
			files = (
				59684CD7213CFB2D001FFE4C /* LaunchScreen.storyboard in Resources */,
				59684CD4213CFB2D001FFE4C /* Assets.xcassets in Resources */,
				59684CCF213CFB2C001FFE4C /* Main.storyboard in Resources */,
			);
			runOnlyForDeploymentPostprocessing = 0;
		};
/* End PBXResourcesBuildPhase section */

/* Begin PBXSourcesBuildPhase section */
		59684CC2213CFB2C001FFE4C /* Sources */ = {
			isa = PBXSourcesBuildPhase;
			buildActionMask = 2147483647;
			files = (
				59684CD2213CFB2C001FFE4C /* PersonalMemo.xcdatamodeld in Sources */,
				59684CCA213CFB2C001FFE4C /* AppDelegate.swift in Sources */,
			);
			runOnlyForDeploymentPostprocessing = 0;
		};
/* End PBXSourcesBuildPhase section */

/* Begin PBXVariantGroup section */
		59684CCD213CFB2C001FFE4C /* Main.storyboard */ = {
			isa = PBXVariantGroup;
			children = (
				59684CCE213CFB2C001FFE4C /* Base */,
			);
			name = Main.storyboard;
			sourceTree = "<group>";
		};
		59684CD5213CFB2D001FFE4C /* LaunchScreen.storyboard */ = {
			isa = PBXVariantGroup;
			children = (
				59684CD6213CFB2D001FFE4C /* Base */,
			);
			name = LaunchScreen.storyboard;
			sourceTree = "<group>";
		};
/* End PBXVariantGroup section */

/* Begin XCBuildConfiguration section */
		59684CD9213CFB2D001FFE4C /* Debug */ = {
			isa = XCBuildConfiguration;
			buildSettings = {
				ALWAYS_SEARCH_USER_PATHS = NO;
				CLANG_ANALYZER_NONNULL = YES;
				CLANG_ANALYZER_NUMBER_OBJECT_CONVERSION = YES_AGGRESSIVE;
				CLANG_CXX_LANGUAGE_STANDARD = "gnu++14";
				CLANG_CXX_LIBRARY = "libc++";
				CLANG_ENABLE_MODULES = YES;
				CLANG_ENABLE_OBJC_ARC = YES;
				CLANG_ENABLE_OBJC_WEAK = YES;
				CLANG_WARN_BLOCK_CAPTURE_AUTORELEASING = YES;
				CLANG_WARN_BOOL_CONVERSION = YES;
				CLANG_WARN_COMMA = YES;
				CLANG_WARN_CONSTANT_CONVERSION = YES;
				CLANG_WARN_DEPRECATED_OBJC_IMPLEMENTATIONS = YES;
				CLANG_WARN_DIRECT_OBJC_ISA_USAGE = YES_ERROR;
				CLANG_WARN_DOCUMENTATION_COMMENTS = YES;
				CLANG_WARN_EMPTY_BODY = YES;
				CLANG_WARN_ENUM_CONVERSION = YES;
				CLANG_WARN_INFINITE_RECURSION = YES;
				CLANG_WARN_INT_CONVERSION = YES;
				CLANG_WARN_NON_LITERAL_NULL_CONVERSION = YES;
				CLANG_WARN_OBJC_IMPLICIT_RETAIN_SELF = YES;
				CLANG_WARN_OBJC_LITERAL_CONVERSION = YES;
				CLANG_WARN_OBJC_ROOT_CLASS = YES_ERROR;
				CLANG_WARN_RANGE_LOOP_ANALYSIS = YES;
				CLANG_WARN_STRICT_PROTOTYPES = YES;
				CLANG_WARN_SUSPICIOUS_MOVE = YES;
				CLANG_WARN_UNGUARDED_AVAILABILITY = YES_AGGRESSIVE;
				CLANG_WARN_UNREACHABLE_CODE = YES;
				CLANG_WARN__DUPLICATE_METHOD_MATCH = YES;
				CODE_SIGN_IDENTITY = "iPhone Developer";
				COPY_PHASE_STRIP = NO;
				DEBUG_INFORMATION_FORMAT = dwarf;
				ENABLE_STRICT_OBJC_MSGSEND = YES;
				ENABLE_TESTABILITY = YES;
				GCC_C_LANGUAGE_STANDARD = gnu11;
				GCC_DYNAMIC_NO_PIC = NO;
				GCC_NO_COMMON_BLOCKS = YES;
				GCC_OPTIMIZATION_LEVEL = 0;
				GCC_PREPROCESSOR_DEFINITIONS = (
					"DEBUG=1",
					"$(inherited)",
				);
				GCC_WARN_64_TO_32_BIT_CONVERSION = YES;
				GCC_WARN_ABOUT_RETURN_TYPE = YES_ERROR;
				GCC_WARN_UNDECLARED_SELECTOR = YES;
				GCC_WARN_UNINITIALIZED_AUTOS = YES_AGGRESSIVE;
				GCC_WARN_UNUSED_FUNCTION = YES;
				GCC_WARN_UNUSED_VARIABLE = YES;
				IPHONEOS_DEPLOYMENT_TARGET = 11.4;
				MTL_ENABLE_DEBUG_INFO = YES;
				ONLY_ACTIVE_ARCH = YES;
				SDKROOT = iphoneos;
				SWIFT_ACTIVE_COMPILATION_CONDITIONS = DEBUG;
				SWIFT_OPTIMIZATION_LEVEL = "-Onone";
			};
			name = Debug;
		};
		59684CDA213CFB2D001FFE4C /* Release */ = {
			isa = XCBuildConfiguration;
			buildSettings = {
				ALWAYS_SEARCH_USER_PATHS = NO;
				CLANG_ANALYZER_NONNULL = YES;
				CLANG_ANALYZER_NUMBER_OBJECT_CONVERSION = YES_AGGRESSIVE;
				CLANG_CXX_LANGUAGE_STANDARD = "gnu++14";
				CLANG_CXX_LIBRARY = "libc++";
				CLANG_ENABLE_MODULES = YES;
				CLANG_ENABLE_OBJC_ARC = YES;
				CLANG_ENABLE_OBJC_WEAK = YES;
				CLANG_WARN_BLOCK_CAPTURE_AUTORELEASING = YES;
				CLANG_WARN_BOOL_CONVERSION = YES;
				CLANG_WARN_COMMA = YES;
				CLANG_WARN_CONSTANT_CONVERSION = YES;
				CLANG_WARN_DEPRECATED_OBJC_IMPLEMENTATIONS = YES;
				CLANG_WARN_DIRECT_OBJC_ISA_USAGE = YES_ERROR;
				CLANG_WARN_DOCUMENTATION_COMMENTS = YES;
				CLANG_WARN_EMPTY_BODY = YES;
				CLANG_WARN_ENUM_CONVERSION = YES;
				CLANG_WARN_INFINITE_RECURSION = YES;
				CLANG_WARN_INT_CONVERSION = YES;
				CLANG_WARN_NON_LITERAL_NULL_CONVERSION = YES;
				CLANG_WARN_OBJC_IMPLICIT_RETAIN_SELF = YES;
				CLANG_WARN_OBJC_LITERAL_CONVERSION = YES;
				CLANG_WARN_OBJC_ROOT_CLASS = YES_ERROR;
				CLANG_WARN_RANGE_LOOP_ANALYSIS = YES;
				CLANG_WARN_STRICT_PROTOTYPES = YES;
				CLANG_WARN_SUSPICIOUS_MOVE = YES;
				CLANG_WARN_UNGUARDED_AVAILABILITY = YES_AGGRESSIVE;
				CLANG_WARN_UNREACHABLE_CODE = YES;
				CLANG_WARN__DUPLICATE_METHOD_MATCH = YES;
				CODE_SIGN_IDENTITY = "iPhone Developer";
				COPY_PHASE_STRIP = NO;
				DEBUG_INFORMATION_FORMAT = "dwarf-with-dsym";
				ENABLE_NS_ASSERTIONS = NO;
				ENABLE_STRICT_OBJC_MSGSEND = YES;
				GCC_C_LANGUAGE_STANDARD = gnu11;
				GCC_NO_COMMON_BLOCKS = YES;
				GCC_WARN_64_TO_32_BIT_CONVERSION = YES;
				GCC_WARN_ABOUT_RETURN_TYPE = YES_ERROR;
				GCC_WARN_UNDECLARED_SELECTOR = YES;
				GCC_WARN_UNINITIALIZED_AUTOS = YES_AGGRESSIVE;
				GCC_WARN_UNUSED_FUNCTION = YES;
				GCC_WARN_UNUSED_VARIABLE = YES;
				IPHONEOS_DEPLOYMENT_TARGET = 11.4;
				MTL_ENABLE_DEBUG_INFO = NO;
				SDKROOT = iphoneos;
				SWIFT_COMPILATION_MODE = wholemodule;
				SWIFT_OPTIMIZATION_LEVEL = "-O";
				VALIDATE_PRODUCT = YES;
			};
			name = Release;
		};
		59684CDC213CFB2D001FFE4C /* Debug */ = {
			isa = XCBuildConfiguration;
			buildSettings = {
				ASSETCATALOG_COMPILER_APPICON_NAME = AppIcon;
				CODE_SIGN_STYLE = Automatic;
				INFOPLIST_FILE = PersonalMemo/Info.plist;
				LD_RUNPATH_SEARCH_PATHS = (
					"$(inherited)",
					"@executable_path/Frameworks",
				);
				PRODUCT_BUNDLE_IDENTIFIER = com.JhDAT.PersonalMemo;
				PRODUCT_NAME = "$(TARGET_NAME)";
				SWIFT_VERSION = 4.0;
				TARGETED_DEVICE_FAMILY = "1,2";
			};
			name = Debug;
		};
		59684CDD213CFB2D001FFE4C /* Release */ = {
			isa = XCBuildConfiguration;
			buildSettings = {
				ASSETCATALOG_COMPILER_APPICON_NAME = AppIcon;
				CODE_SIGN_STYLE = Automatic;
				INFOPLIST_FILE = PersonalMemo/Info.plist;
				LD_RUNPATH_SEARCH_PATHS = (
					"$(inherited)",
					"@executable_path/Frameworks",
				);
				PRODUCT_BUNDLE_IDENTIFIER = com.JhDAT.PersonalMemo;
				PRODUCT_NAME = "$(TARGET_NAME)";
				SWIFT_VERSION = 4.0;
				TARGETED_DEVICE_FAMILY = "1,2";
			};
			name = Release;
		};
/* End XCBuildConfiguration section */

/* Begin XCConfigurationList section */
		59684CC1213CFB2C001FFE4C /* Build configuration list for PBXProject "PersonalMemo" */ = {
			isa = XCConfigurationList;
			buildConfigurations = (
				59684CD9213CFB2D001FFE4C /* Debug */,
				59684CDA213CFB2D001FFE4C /* Release */,
			);
			defaultConfigurationIsVisible = 0;
			defaultConfigurationName = Release;
		};
		59684CDB213CFB2D001FFE4C /* Build configuration list for PBXNativeTarget "PersonalMemo" */ = {
			isa = XCConfigurationList;
			buildConfigurations = (
				59684CDC213CFB2D001FFE4C /* Debug */,
				59684CDD213CFB2D001FFE4C /* Release */,
			);
			defaultConfigurationIsVisible = 0;
			defaultConfigurationName = Release;
		};
/* End XCConfigurationList section */

/* Begin XCVersionGroup section */
		59684CD0213CFB2C001FFE4C /* PersonalMemo.xcdatamodeld */ = {
			isa = XCVersionGroup;
			children = (
				59684CD1213CFB2C001FFE4C /* PersonalMemo.xcdatamodel */,
			);
			currentVersion = 59684CD1213CFB2C001FFE4C /* PersonalMemo.xcdatamodel */;
			path = PersonalMemo.xcdatamodeld;
			sourceTree = "<group>";
			versionGroupType = wrapper.xcdatamodel;
		};
/* End XCVersionGroup section */
	};
	rootObject = 59684CBE213CFB2C001FFE4C /* Project object */;
}
